// !$*UTF8*$!
{
	archiveVersion = 1;
	classes = {
	};
	objectVersion = 56;
	objects = {

/* Begin PBXBuildFile section */
		ADB91EAA2C1A3A0500FB34B8 /* AppDelegate.swift in Sources */ = {isa = PBXBuildFile; fileRef = ADB91EA92C1A3A0500FB34B8 /* AppDelegate.swift */; };
		ADB91EAE2C1A3A0500FB34B8 /* Base in Resources */ = {isa = PBXBuildFile; fileRef = ADB91EAD2C1A3A0500FB34B8 /* Base */; };
		ADB91EB02C1A3A0500FB34B8 /* Icon.png in Resources */ = {isa = PBXBuildFile; fileRef = ADB91EAF2C1A3A0500FB34B8 /* Icon.png */; };
		ADB91EB22C1A3A0500FB34B8 /* Style.css in Resources */ = {isa = PBXBuildFile; fileRef = ADB91EB12C1A3A0500FB34B8 /* Style.css */; };
		ADB91EB42C1A3A0500FB34B8 /* SceneDelegate.swift in Sources */ = {isa = PBXBuildFile; fileRef = ADB91EB32C1A3A0500FB34B8 /* SceneDelegate.swift */; };
		ADB91EB62C1A3A0500FB34B8 /* ViewController.swift in Sources */ = {isa = PBXBuildFile; fileRef = ADB91EB52C1A3A0500FB34B8 /* ViewController.swift */; };
		ADB91EB92C1A3A0500FB34B8 /* Base in Resources */ = {isa = PBXBuildFile; fileRef = ADB91EB82C1A3A0500FB34B8 /* Base */; };
		ADB91EBC2C1A3A0500FB34B8 /* Base in Resources */ = {isa = PBXBuildFile; fileRef = ADB91EBB2C1A3A0500FB34B8 /* Base */; };
		ADB91EC42C1A3A0600FB34B8 /* Loggd Extension.appex in Embed Foundation Extensions */ = {isa = PBXBuildFile; fileRef = ADB91EC32C1A3A0600FB34B8 /* Loggd Extension.appex */; settings = {ATTRIBUTES = (RemoveHeadersOnCopy, ); }; };
		ADB91EC92C1A3A0600FB34B8 /* SafariWebExtensionHandler.swift in Sources */ = {isa = PBXBuildFile; fileRef = ADB91EC82C1A3A0600FB34B8 /* SafariWebExtensionHandler.swift */; };
		ADB91ECC2C1A3A0600FB34B8 /* _locales in Resources */ = {isa = PBXBuildFile; fileRef = ADB91ECB2C1A3A0600FB34B8 /* _locales */; };
		ADB91ECE2C1A3A0600FB34B8 /* images in Resources */ = {isa = PBXBuildFile; fileRef = ADB91ECD2C1A3A0600FB34B8 /* images */; };
		ADB91ED02C1A3A0600FB34B8 /* manifest.json in Resources */ = {isa = PBXBuildFile; fileRef = ADB91ECF2C1A3A0600FB34B8 /* manifest.json */; };
		ADB91ED22C1A3A0600FB34B8 /* background.js in Resources */ = {isa = PBXBuildFile; fileRef = ADB91ED12C1A3A0600FB34B8 /* background.js */; };
		ADB91ED42C1A3A0600FB34B8 /* content.js in Resources */ = {isa = PBXBuildFile; fileRef = ADB91ED32C1A3A0600FB34B8 /* content.js */; };
		ADB91ED62C1A3A0600FB34B8 /* popup.html in Resources */ = {isa = PBXBuildFile; fileRef = ADB91ED52C1A3A0600FB34B8 /* popup.html */; };
		ADB91ED82C1A3A0600FB34B8 /* popup.css in Resources */ = {isa = PBXBuildFile; fileRef = ADB91ED72C1A3A0600FB34B8 /* popup.css */; };
		ADB91EDA2C1A3A0600FB34B8 /* popup.js in Resources */ = {isa = PBXBuildFile; fileRef = ADB91ED92C1A3A0600FB34B8 /* popup.js */; };
		ADB91EDC2C1A3A0600FB34B8 /* Assets.xcassets in Resources */ = {isa = PBXBuildFile; fileRef = ADB91EBD2C1A3A0600FB34B8 /* Assets.xcassets */; };
/* End PBXBuildFile section */

/* Begin PBXContainerItemProxy section */
		ADB91EC52C1A3A0600FB34B8 /* PBXContainerItemProxy */ = {
			isa = PBXContainerItemProxy;
			containerPortal = ADB91E9E2C1A3A0500FB34B8 /* Project object */;
			proxyType = 1;
			remoteGlobalIDString = ADB91EC22C1A3A0600FB34B8;
			remoteInfo = "Loggd Extension";
		};
/* End PBXContainerItemProxy section */

/* Begin PBXCopyFilesBuildPhase section */
		ADB91EE22C1A3A0600FB34B8 /* Embed Foundation Extensions */ = {
			isa = PBXCopyFilesBuildPhase;
			buildActionMask = 2147483647;
			dstPath = "";
			dstSubfolderSpec = 13;
			files = (
				ADB91EC42C1A3A0600FB34B8 /* Loggd Extension.appex in Embed Foundation Extensions */,
			);
			name = "Embed Foundation Extensions";
			runOnlyForDeploymentPostprocessing = 0;
		};
/* End PBXCopyFilesBuildPhase section */

/* Begin PBXFileReference section */
		ADB91EA62C1A3A0500FB34B8 /* Loggd.app */ = {isa = PBXFileReference; explicitFileType = wrapper.application; includeInIndex = 0; path = Loggd.app; sourceTree = BUILT_PRODUCTS_DIR; };
		ADB91EA92C1A3A0500FB34B8 /* AppDelegate.swift */ = {isa = PBXFileReference; lastKnownFileType = sourcecode.swift; path = AppDelegate.swift; sourceTree = "<group>"; };
		ADB91EAD2C1A3A0500FB34B8 /* Base */ = {isa = PBXFileReference; lastKnownFileType = text.html; name = Base; path = ../Base.lproj/Main.html; sourceTree = "<group>"; };
		ADB91EAF2C1A3A0500FB34B8 /* Icon.png */ = {isa = PBXFileReference; lastKnownFileType = image.png; path = Icon.png; sourceTree = "<group>"; };
		ADB91EB12C1A3A0500FB34B8 /* Style.css */ = {isa = PBXFileReference; lastKnownFileType = text.css; path = Style.css; sourceTree = "<group>"; };
		ADB91EB32C1A3A0500FB34B8 /* SceneDelegate.swift */ = {isa = PBXFileReference; lastKnownFileType = sourcecode.swift; path = SceneDelegate.swift; sourceTree = "<group>"; };
		ADB91EB52C1A3A0500FB34B8 /* ViewController.swift */ = {isa = PBXFileReference; lastKnownFileType = sourcecode.swift; path = ViewController.swift; sourceTree = "<group>"; };
		ADB91EB82C1A3A0500FB34B8 /* Base */ = {isa = PBXFileReference; lastKnownFileType = file.storyboard; name = Base; path = Base.lproj/LaunchScreen.storyboard; sourceTree = "<group>"; };
		ADB91EBB2C1A3A0500FB34B8 /* Base */ = {isa = PBXFileReference; lastKnownFileType = file.storyboard; name = Base; path = Base.lproj/Main.storyboard; sourceTree = "<group>"; };
		ADB91EBD2C1A3A0600FB34B8 /* Assets.xcassets */ = {isa = PBXFileReference; lastKnownFileType = folder.assetcatalog; path = Assets.xcassets; sourceTree = "<group>"; };
		ADB91EBE2C1A3A0600FB34B8 /* Info.plist */ = {isa = PBXFileReference; lastKnownFileType = text.plist.xml; path = Info.plist; sourceTree = "<group>"; };
		ADB91EC32C1A3A0600FB34B8 /* Loggd Extension.appex */ = {isa = PBXFileReference; explicitFileType = "wrapper.app-extension"; includeInIndex = 0; path = "Loggd Extension.appex"; sourceTree = BUILT_PRODUCTS_DIR; };
		ADB91EC82C1A3A0600FB34B8 /* SafariWebExtensionHandler.swift */ = {isa = PBXFileReference; lastKnownFileType = sourcecode.swift; path = SafariWebExtensionHandler.swift; sourceTree = "<group>"; };
		ADB91ECB2C1A3A0600FB34B8 /* _locales */ = {isa = PBXFileReference; lastKnownFileType = folder; path = _locales; sourceTree = "<group>"; };
		ADB91ECD2C1A3A0600FB34B8 /* images */ = {isa = PBXFileReference; lastKnownFileType = folder; path = images; sourceTree = "<group>"; };
		ADB91ECF2C1A3A0600FB34B8 /* manifest.json */ = {isa = PBXFileReference; lastKnownFileType = text.json; path = manifest.json; sourceTree = "<group>"; };
		ADB91ED12C1A3A0600FB34B8 /* background.js */ = {isa = PBXFileReference; lastKnownFileType = sourcecode.javascript; path = background.js; sourceTree = "<group>"; };
		ADB91ED32C1A3A0600FB34B8 /* content.js */ = {isa = PBXFileReference; lastKnownFileType = sourcecode.javascript; path = content.js; sourceTree = "<group>"; };
		ADB91ED52C1A3A0600FB34B8 /* popup.html */ = {isa = PBXFileReference; lastKnownFileType = text.html; path = popup.html; sourceTree = "<group>"; };
		ADB91ED72C1A3A0600FB34B8 /* popup.css */ = {isa = PBXFileReference; lastKnownFileType = text.css; path = popup.css; sourceTree = "<group>"; };
		ADB91ED92C1A3A0600FB34B8 /* popup.js */ = {isa = PBXFileReference; lastKnownFileType = sourcecode.javascript; path = popup.js; sourceTree = "<group>"; };
		ADB91EDB2C1A3A0600FB34B8 /* Info.plist */ = {isa = PBXFileReference; lastKnownFileType = text.plist.xml; path = Info.plist; sourceTree = "<group>"; };
/* End PBXFileReference section */

/* Begin PBXFrameworksBuildPhase section */
		ADB91EA32C1A3A0500FB34B8 /* Frameworks */ = {
			isa = PBXFrameworksBuildPhase;
			buildActionMask = 2147483647;
			files = (
			);
			runOnlyForDeploymentPostprocessing = 0;
		};
		ADB91EC02C1A3A0600FB34B8 /* Frameworks */ = {
			isa = PBXFrameworksBuildPhase;
			buildActionMask = 2147483647;
			files = (
			);
			runOnlyForDeploymentPostprocessing = 0;
		};
/* End PBXFrameworksBuildPhase section */

/* Begin PBXGroup section */
		ADB91E9D2C1A3A0500FB34B8 = {
			isa = PBXGroup;
			children = (
				ADB91EA82C1A3A0500FB34B8 /* Loggd */,
				ADB91EC72C1A3A0600FB34B8 /* Loggd Extension */,
				ADB91EA72C1A3A0500FB34B8 /* Products */,
			);
			sourceTree = "<group>";
		};
		ADB91EA72C1A3A0500FB34B8 /* Products */ = {
			isa = PBXGroup;
			children = (
				ADB91EA62C1A3A0500FB34B8 /* Loggd.app */,
				ADB91EC32C1A3A0600FB34B8 /* Loggd Extension.appex */,
			);
			name = Products;
			sourceTree = "<group>";
		};
		ADB91EA82C1A3A0500FB34B8 /* Loggd */ = {
			isa = PBXGroup;
			children = (
				ADB91EA92C1A3A0500FB34B8 /* AppDelegate.swift */,
				ADB91EB32C1A3A0500FB34B8 /* SceneDelegate.swift */,
				ADB91EB52C1A3A0500FB34B8 /* ViewController.swift */,
				ADB91EB72C1A3A0500FB34B8 /* LaunchScreen.storyboard */,
				ADB91EBA2C1A3A0500FB34B8 /* Main.storyboard */,
				ADB91EBD2C1A3A0600FB34B8 /* Assets.xcassets */,
				ADB91EBE2C1A3A0600FB34B8 /* Info.plist */,
				ADB91EAB2C1A3A0500FB34B8 /* Resources */,
			);
			path = Loggd;
			sourceTree = "<group>";
		};
		ADB91EAB2C1A3A0500FB34B8 /* Resources */ = {
			isa = PBXGroup;
			children = (
				ADB91EAC2C1A3A0500FB34B8 /* Main.html */,
				ADB91EAF2C1A3A0500FB34B8 /* Icon.png */,
				ADB91EB12C1A3A0500FB34B8 /* Style.css */,
			);
			path = Resources;
			sourceTree = "<group>";
		};
		ADB91EC72C1A3A0600FB34B8 /* Loggd Extension */ = {
			isa = PBXGroup;
			children = (
				ADB91EC82C1A3A0600FB34B8 /* SafariWebExtensionHandler.swift */,
				ADB91EDB2C1A3A0600FB34B8 /* Info.plist */,
				ADB91ECA2C1A3A0600FB34B8 /* Resources */,
			);
			path = "Loggd Extension";
			sourceTree = "<group>";
		};
		ADB91ECA2C1A3A0600FB34B8 /* Resources */ = {
			isa = PBXGroup;
			children = (
				ADB91ECB2C1A3A0600FB34B8 /* _locales */,
				ADB91ECD2C1A3A0600FB34B8 /* images */,
				ADB91ECF2C1A3A0600FB34B8 /* manifest.json */,
				ADB91ED12C1A3A0600FB34B8 /* background.js */,
				ADB91ED32C1A3A0600FB34B8 /* content.js */,
				ADB91ED52C1A3A0600FB34B8 /* popup.html */,
				ADB91ED72C1A3A0600FB34B8 /* popup.css */,
				ADB91ED92C1A3A0600FB34B8 /* popup.js */,
			);
			path = Resources;
			sourceTree = "<group>";
		};
/* End PBXGroup section */

/* Begin PBXNativeTarget section */
		ADB91EA52C1A3A0500FB34B8 /* Loggd */ = {
			isa = PBXNativeTarget;
			buildConfigurationList = ADB91EE32C1A3A0600FB34B8 /* Build configuration list for PBXNativeTarget "Loggd" */;
			buildPhases = (
				ADB91EA22C1A3A0500FB34B8 /* Sources */,
				ADB91EA32C1A3A0500FB34B8 /* Frameworks */,
				ADB91EA42C1A3A0500FB34B8 /* Resources */,
				ADB91EE22C1A3A0600FB34B8 /* Embed Foundation Extensions */,
			);
			buildRules = (
			);
			dependencies = (
				ADB91EC62C1A3A0600FB34B8 /* PBXTargetDependency */,
			);
			name = Loggd;
			productName = Loggd;
			productReference = ADB91EA62C1A3A0500FB34B8 /* Loggd.app */;
			productType = "com.apple.product-type.application";
		};
		ADB91EC22C1A3A0600FB34B8 /* Loggd Extension */ = {
			isa = PBXNativeTarget;
			buildConfigurationList = ADB91EDF2C1A3A0600FB34B8 /* Build configuration list for PBXNativeTarget "Loggd Extension" */;
			buildPhases = (
				ADB91EBF2C1A3A0600FB34B8 /* Sources */,
				ADB91EC02C1A3A0600FB34B8 /* Frameworks */,
				ADB91EC12C1A3A0600FB34B8 /* Resources */,
			);
			buildRules = (
			);
			dependencies = (
			);
			name = "Loggd Extension";
			productName = "Loggd Extension";
			productReference = ADB91EC32C1A3A0600FB34B8 /* Loggd Extension.appex */;
			productType = "com.apple.product-type.app-extension";
		};
/* End PBXNativeTarget section */

/* Begin PBXProject section */
		ADB91E9E2C1A3A0500FB34B8 /* Project object */ = {
			isa = PBXProject;
			attributes = {
				BuildIndependentTargetsInParallel = 1;
				LastSwiftUpdateCheck = 1540;
				LastUpgradeCheck = 1540;
				TargetAttributes = {
					ADB91EA52C1A3A0500FB34B8 = {
						CreatedOnToolsVersion = 15.4;
					};
					ADB91EC22C1A3A0600FB34B8 = {
						CreatedOnToolsVersion = 15.4;
					};
				};
			};
			buildConfigurationList = ADB91EA12C1A3A0500FB34B8 /* Build configuration list for PBXProject "Loggd" */;
			compatibilityVersion = "Xcode 14.0";
			developmentRegion = en;
			hasScannedForEncodings = 0;
			knownRegions = (
				en,
				Base,
			);
			mainGroup = ADB91E9D2C1A3A0500FB34B8;
			productRefGroup = ADB91EA72C1A3A0500FB34B8 /* Products */;
			projectDirPath = "";
			projectRoot = "";
			targets = (
				ADB91EA52C1A3A0500FB34B8 /* Loggd */,
				ADB91EC22C1A3A0600FB34B8 /* Loggd Extension */,
			);
		};
/* End PBXProject section */

/* Begin PBXResourcesBuildPhase section */
		ADB91EA42C1A3A0500FB34B8 /* Resources */ = {
			isa = PBXResourcesBuildPhase;
			buildActionMask = 2147483647;
			files = (
				ADB91EB02C1A3A0500FB34B8 /* Icon.png in Resources */,
				ADB91EAE2C1A3A0500FB34B8 /* Base in Resources */,
				ADB91EB22C1A3A0500FB34B8 /* Style.css in Resources */,
				ADB91EB92C1A3A0500FB34B8 /* Base in Resources */,
				ADB91EDC2C1A3A0600FB34B8 /* Assets.xcassets in Resources */,
				ADB91EBC2C1A3A0500FB34B8 /* Base in Resources */,
			);
			runOnlyForDeploymentPostprocessing = 0;
		};
		ADB91EC12C1A3A0600FB34B8 /* Resources */ = {
			isa = PBXResourcesBuildPhase;
			buildActionMask = 2147483647;
			files = (
				ADB91ED22C1A3A0600FB34B8 /* background.js in Resources */,
				ADB91ED82C1A3A0600FB34B8 /* popup.css in Resources */,
				ADB91ED62C1A3A0600FB34B8 /* popup.html in Resources */,
				ADB91ECE2C1A3A0600FB34B8 /* images in Resources */,
				ADB91ED02C1A3A0600FB34B8 /* manifest.json in Resources */,
				ADB91ECC2C1A3A0600FB34B8 /* _locales in Resources */,
				ADB91ED42C1A3A0600FB34B8 /* content.js in Resources */,
				ADB91EDA2C1A3A0600FB34B8 /* popup.js in Resources */,
			);
			runOnlyForDeploymentPostprocessing = 0;
		};
/* End PBXResourcesBuildPhase section */

/* Begin PBXSourcesBuildPhase section */
		ADB91EA22C1A3A0500FB34B8 /* Sources */ = {
			isa = PBXSourcesBuildPhase;
			buildActionMask = 2147483647;
			files = (
				ADB91EB62C1A3A0500FB34B8 /* ViewController.swift in Sources */,
				ADB91EAA2C1A3A0500FB34B8 /* AppDelegate.swift in Sources */,
				ADB91EB42C1A3A0500FB34B8 /* SceneDelegate.swift in Sources */,
			);
			runOnlyForDeploymentPostprocessing = 0;
		};
		ADB91EBF2C1A3A0600FB34B8 /* Sources */ = {
			isa = PBXSourcesBuildPhase;
			buildActionMask = 2147483647;
			files = (
				ADB91EC92C1A3A0600FB34B8 /* SafariWebExtensionHandler.swift in Sources */,
			);
			runOnlyForDeploymentPostprocessing = 0;
		};
/* End PBXSourcesBuildPhase section */

/* Begin PBXTargetDependency section */
		ADB91EC62C1A3A0600FB34B8 /* PBXTargetDependency */ = {
			isa = PBXTargetDependency;
			target = ADB91EC22C1A3A0600FB34B8 /* Loggd Extension */;
			targetProxy = ADB91EC52C1A3A0600FB34B8 /* PBXContainerItemProxy */;
		};
/* End PBXTargetDependency section */

/* Begin PBXVariantGroup section */
		ADB91EAC2C1A3A0500FB34B8 /* Main.html */ = {
			isa = PBXVariantGroup;
			children = (
				ADB91EAD2C1A3A0500FB34B8 /* Base */,
			);
			name = Main.html;
			sourceTree = "<group>";
		};
		ADB91EB72C1A3A0500FB34B8 /* LaunchScreen.storyboard */ = {
			isa = PBXVariantGroup;
			children = (
				ADB91EB82C1A3A0500FB34B8 /* Base */,
			);
			name = LaunchScreen.storyboard;
			sourceTree = "<group>";
		};
		ADB91EBA2C1A3A0500FB34B8 /* Main.storyboard */ = {
			isa = PBXVariantGroup;
			children = (
				ADB91EBB2C1A3A0500FB34B8 /* Base */,
			);
			name = Main.storyboard;
			sourceTree = "<group>";
		};
/* End PBXVariantGroup section */

/* Begin XCBuildConfiguration section */
		ADB91EDD2C1A3A0600FB34B8 /* Debug */ = {
			isa = XCBuildConfiguration;
			buildSettings = {
				ALWAYS_SEARCH_USER_PATHS = NO;
				ASSETCATALOG_COMPILER_GENERATE_SWIFT_ASSET_SYMBOL_EXTENSIONS = YES;
				CLANG_ANALYZER_NONNULL = YES;
				CLANG_ANALYZER_NUMBER_OBJECT_CONVERSION = YES_AGGRESSIVE;
				CLANG_CXX_LANGUAGE_STANDARD = "gnu++20";
				CLANG_ENABLE_MODULES = YES;
				CLANG_ENABLE_OBJC_ARC = YES;
				CLANG_ENABLE_OBJC_WEAK = YES;
				CLANG_WARN_BLOCK_CAPTURE_AUTORELEASING = YES;
				CLANG_WARN_BOOL_CONVERSION = YES;
				CLANG_WARN_COMMA = YES;
				CLANG_WARN_CONSTANT_CONVERSION = YES;
				CLANG_WARN_DEPRECATED_OBJC_IMPLEMENTATIONS = YES;
				CLANG_WARN_DIRECT_OBJC_ISA_USAGE = YES_ERROR;
				CLANG_WARN_DOCUMENTATION_COMMENTS = YES;
				CLANG_WARN_EMPTY_BODY = YES;
				CLANG_WARN_ENUM_CONVERSION = YES;
				CLANG_WARN_INFINITE_RECURSION = YES;
				CLANG_WARN_INT_CONVERSION = YES;
				CLANG_WARN_NON_LITERAL_NULL_CONVERSION = YES;
				CLANG_WARN_OBJC_IMPLICIT_RETAIN_SELF = YES;
				CLANG_WARN_OBJC_LITERAL_CONVERSION = YES;
				CLANG_WARN_OBJC_ROOT_CLASS = YES_ERROR;
				CLANG_WARN_QUOTED_INCLUDE_IN_FRAMEWORK_HEADER = YES;
				CLANG_WARN_RANGE_LOOP_ANALYSIS = YES;
				CLANG_WARN_STRICT_PROTOTYPES = YES;
				CLANG_WARN_SUSPICIOUS_MOVE = YES;
				CLANG_WARN_UNGUARDED_AVAILABILITY = YES_AGGRESSIVE;
				CLANG_WARN_UNREACHABLE_CODE = YES;
				CLANG_WARN__DUPLICATE_METHOD_MATCH = YES;
				COPY_PHASE_STRIP = NO;
				DEBUG_INFORMATION_FORMAT = dwarf;
				ENABLE_STRICT_OBJC_MSGSEND = YES;
				ENABLE_TESTABILITY = YES;
				ENABLE_USER_SCRIPT_SANDBOXING = YES;
				GCC_C_LANGUAGE_STANDARD = gnu17;
				GCC_DYNAMIC_NO_PIC = NO;
				GCC_NO_COMMON_BLOCKS = YES;
				GCC_OPTIMIZATION_LEVEL = 0;
				GCC_PREPROCESSOR_DEFINITIONS = (
					"DEBUG=1",
					"$(inherited)",
				);
				GCC_WARN_64_TO_32_BIT_CONVERSION = YES;
				GCC_WARN_ABOUT_RETURN_TYPE = YES_ERROR;
				GCC_WARN_UNDECLARED_SELECTOR = YES;
				GCC_WARN_UNINITIALIZED_AUTOS = YES_AGGRESSIVE;
				GCC_WARN_UNUSED_FUNCTION = YES;
				GCC_WARN_UNUSED_VARIABLE = YES;
				IPHONEOS_DEPLOYMENT_TARGET = 17.5;
				LOCALIZATION_PREFERS_STRING_CATALOGS = YES;
				MTL_ENABLE_DEBUG_INFO = INCLUDE_SOURCE;
				MTL_FAST_MATH = YES;
				ONLY_ACTIVE_ARCH = YES;
				SDKROOT = iphoneos;
				SWIFT_ACTIVE_COMPILATION_CONDITIONS = "DEBUG $(inherited)";
				SWIFT_OPTIMIZATION_LEVEL = "-Onone";
			};
			name = Debug;
		};
		ADB91EDE2C1A3A0600FB34B8 /* Release */ = {
			isa = XCBuildConfiguration;
			buildSettings = {
				ALWAYS_SEARCH_USER_PATHS = NO;
				ASSETCATALOG_COMPILER_GENERATE_SWIFT_ASSET_SYMBOL_EXTENSIONS = YES;
				CLANG_ANALYZER_NONNULL = YES;
				CLANG_ANALYZER_NUMBER_OBJECT_CONVERSION = YES_AGGRESSIVE;
				CLANG_CXX_LANGUAGE_STANDARD = "gnu++20";
				CLANG_ENABLE_MODULES = YES;
				CLANG_ENABLE_OBJC_ARC = YES;
				CLANG_ENABLE_OBJC_WEAK = YES;
				CLANG_WARN_BLOCK_CAPTURE_AUTORELEASING = YES;
				CLANG_WARN_BOOL_CONVERSION = YES;
				CLANG_WARN_COMMA = YES;
				CLANG_WARN_CONSTANT_CONVERSION = YES;
				CLANG_WARN_DEPRECATED_OBJC_IMPLEMENTATIONS = YES;
				CLANG_WARN_DIRECT_OBJC_ISA_USAGE = YES_ERROR;
				CLANG_WARN_DOCUMENTATION_COMMENTS = YES;
				CLANG_WARN_EMPTY_BODY = YES;
				CLANG_WARN_ENUM_CONVERSION = YES;
				CLANG_WARN_INFINITE_RECURSION = YES;
				CLANG_WARN_INT_CONVERSION = YES;
				CLANG_WARN_NON_LITERAL_NULL_CONVERSION = YES;
				CLANG_WARN_OBJC_IMPLICIT_RETAIN_SELF = YES;
				CLANG_WARN_OBJC_LITERAL_CONVERSION = YES;
				CLANG_WARN_OBJC_ROOT_CLASS = YES_ERROR;
				CLANG_WARN_QUOTED_INCLUDE_IN_FRAMEWORK_HEADER = YES;
				CLANG_WARN_RANGE_LOOP_ANALYSIS = YES;
				CLANG_WARN_STRICT_PROTOTYPES = YES;
				CLANG_WARN_SUSPICIOUS_MOVE = YES;
				CLANG_WARN_UNGUARDED_AVAILABILITY = YES_AGGRESSIVE;
				CLANG_WARN_UNREACHABLE_CODE = YES;
				CLANG_WARN__DUPLICATE_METHOD_MATCH = YES;
				COPY_PHASE_STRIP = NO;
				DEBUG_INFORMATION_FORMAT = "dwarf-with-dsym";
				ENABLE_NS_ASSERTIONS = NO;
				ENABLE_STRICT_OBJC_MSGSEND = YES;
				ENABLE_USER_SCRIPT_SANDBOXING = YES;
				GCC_C_LANGUAGE_STANDARD = gnu17;
				GCC_NO_COMMON_BLOCKS = YES;
				GCC_WARN_64_TO_32_BIT_CONVERSION = YES;
				GCC_WARN_ABOUT_RETURN_TYPE = YES_ERROR;
				GCC_WARN_UNDECLARED_SELECTOR = YES;
				GCC_WARN_UNINITIALIZED_AUTOS = YES_AGGRESSIVE;
				GCC_WARN_UNUSED_FUNCTION = YES;
				GCC_WARN_UNUSED_VARIABLE = YES;
				IPHONEOS_DEPLOYMENT_TARGET = 17.5;
				LOCALIZATION_PREFERS_STRING_CATALOGS = YES;
				MTL_ENABLE_DEBUG_INFO = NO;
				MTL_FAST_MATH = YES;
				SDKROOT = iphoneos;
				SWIFT_COMPILATION_MODE = wholemodule;
				VALIDATE_PRODUCT = YES;
			};
			name = Release;
		};
		ADB91EE02C1A3A0600FB34B8 /* Debug */ = {
			isa = XCBuildConfiguration;
			buildSettings = {
				CODE_SIGN_STYLE = Automatic;
				CURRENT_PROJECT_VERSION = 1;
				DEVELOPMENT_TEAM = G3X6SRP2M7;
				GENERATE_INFOPLIST_FILE = YES;
				INFOPLIST_FILE = "Loggd Extension/Info.plist";
				INFOPLIST_KEY_CFBundleDisplayName = "Loggd Extension";
				INFOPLIST_KEY_NSHumanReadableCopyright = "";
				IPHONEOS_DEPLOYMENT_TARGET = 15.0;
				LD_RUNPATH_SEARCH_PATHS = (
					"$(inherited)",
					"@executable_path/Frameworks",
					"@executable_path/../../Frameworks",
				);
				MARKETING_VERSION = 1.0;
				OTHER_LDFLAGS = (
					"-framework",
					SafariServices,
				);
				PRODUCT_BUNDLE_IDENTIFIER = com.mcmeans.Loggd.Extension;
				PRODUCT_NAME = "$(TARGET_NAME)";
				SKIP_INSTALL = YES;
				SWIFT_EMIT_LOC_STRINGS = YES;
				SWIFT_VERSION = 5.0;
				TARGETED_DEVICE_FAMILY = "1,2";
			};
			name = Debug;
		};
		ADB91EE12C1A3A0600FB34B8 /* Release */ = {
			isa = XCBuildConfiguration;
			buildSettings = {
				CODE_SIGN_STYLE = Automatic;
				CURRENT_PROJECT_VERSION = 1;
				DEVELOPMENT_TEAM = G3X6SRP2M7;
				GENERATE_INFOPLIST_FILE = YES;
				INFOPLIST_FILE = "Loggd Extension/Info.plist";
				INFOPLIST_KEY_CFBundleDisplayName = "Loggd Extension";
				INFOPLIST_KEY_NSHumanReadableCopyright = "";
				IPHONEOS_DEPLOYMENT_TARGET = 15.0;
				LD_RUNPATH_SEARCH_PATHS = (
					"$(inherited)",
					"@executable_path/Frameworks",
					"@executable_path/../../Frameworks",
				);
				MARKETING_VERSION = 1.0;
				OTHER_LDFLAGS = (
					"-framework",
					SafariServices,
				);
				PRODUCT_BUNDLE_IDENTIFIER = com.mcmeans.Loggd.Extension;
				PRODUCT_NAME = "$(TARGET_NAME)";
				SKIP_INSTALL = YES;
				SWIFT_EMIT_LOC_STRINGS = YES;
				SWIFT_VERSION = 5.0;
				TARGETED_DEVICE_FAMILY = "1,2";
			};
			name = Release;
		};
		ADB91EE42C1A3A0600FB34B8 /* Debug */ = {
			isa = XCBuildConfiguration;
			buildSettings = {
				ALWAYS_EMBED_SWIFT_STANDARD_LIBRARIES = YES;
				ASSETCATALOG_COMPILER_APPICON_NAME = AppIcon;
				ASSETCATALOG_COMPILER_GLOBAL_ACCENT_COLOR_NAME = AccentColor;
				CODE_SIGN_STYLE = Automatic;
				CURRENT_PROJECT_VERSION = 1;
				DEVELOPMENT_TEAM = G3X6SRP2M7;
				GENERATE_INFOPLIST_FILE = YES;
				INFOPLIST_FILE = Loggd/Info.plist;
				INFOPLIST_KEY_CFBundleDisplayName = Loggd;
				INFOPLIST_KEY_UIApplicationSupportsIndirectInputEvents = YES;
				INFOPLIST_KEY_UILaunchStoryboardName = LaunchScreen;
				INFOPLIST_KEY_UIMainStoryboardFile = Main;
				INFOPLIST_KEY_UISupportedInterfaceOrientations_iPad = "UIInterfaceOrientationPortrait UIInterfaceOrientationPortraitUpsideDown UIInterfaceOrientationLandscapeLeft UIInterfaceOrientationLandscapeRight";
				INFOPLIST_KEY_UISupportedInterfaceOrientations_iPhone = "UIInterfaceOrientationPortrait UIInterfaceOrientationLandscapeLeft UIInterfaceOrientationLandscapeRight";
				IPHONEOS_DEPLOYMENT_TARGET = 15.0;
				LD_RUNPATH_SEARCH_PATHS = (
					"$(inherited)",
					"@executable_path/Frameworks",
				);
				MARKETING_VERSION = 1.0;
				OTHER_LDFLAGS = (
					"-framework",
					SafariServices,
					"-framework",
					WebKit,
				);
				PRODUCT_BUNDLE_IDENTIFIER = com.mcmeans.Loggd;
				PRODUCT_NAME = "$(TARGET_NAME)";
				SWIFT_EMIT_LOC_STRINGS = YES;
				SWIFT_VERSION = 5.0;
				TARGETED_DEVICE_FAMILY = "1,2";
			};
			name = Debug;
		};
		ADB91EE52C1A3A0600FB34B8 /* Release */ = {
			isa = XCBuildConfiguration;
			buildSettings = {
				ALWAYS_EMBED_SWIFT_STANDARD_LIBRARIES = YES;
				ASSETCATALOG_COMPILER_APPICON_NAME = AppIcon;
				ASSETCATALOG_COMPILER_GLOBAL_ACCENT_COLOR_NAME = AccentColor;
				CODE_SIGN_STYLE = Automatic;
				CURRENT_PROJECT_VERSION = 1;
				DEVELOPMENT_TEAM = G3X6SRP2M7;
				GENERATE_INFOPLIST_FILE = YES;
				INFOPLIST_FILE = Loggd/Info.plist;
				INFOPLIST_KEY_CFBundleDisplayName = Loggd;
				INFOPLIST_KEY_UIApplicationSupportsIndirectInputEvents = YES;
				INFOPLIST_KEY_UILaunchStoryboardName = LaunchScreen;
				INFOPLIST_KEY_UIMainStoryboardFile = Main;
				INFOPLIST_KEY_UISupportedInterfaceOrientations_iPad = "UIInterfaceOrientationPortrait UIInterfaceOrientationPortraitUpsideDown UIInterfaceOrientationLandscapeLeft UIInterfaceOrientationLandscapeRight";
				INFOPLIST_KEY_UISupportedInterfaceOrientations_iPhone = "UIInterfaceOrientationPortrait UIInterfaceOrientationLandscapeLeft UIInterfaceOrientationLandscapeRight";
				IPHONEOS_DEPLOYMENT_TARGET = 15.0;
				LD_RUNPATH_SEARCH_PATHS = (
					"$(inherited)",
					"@executable_path/Frameworks",
				);
				MARKETING_VERSION = 1.0;
				OTHER_LDFLAGS = (
					"-framework",
					SafariServices,
					"-framework",
					WebKit,
				);
				PRODUCT_BUNDLE_IDENTIFIER = com.mcmeans.Loggd;
				PRODUCT_NAME = "$(TARGET_NAME)";
				SWIFT_EMIT_LOC_STRINGS = YES;
				SWIFT_VERSION = 5.0;
				TARGETED_DEVICE_FAMILY = "1,2";
			};
			name = Release;
		};
/* End XCBuildConfiguration section */

/* Begin XCConfigurationList section */
		ADB91EA12C1A3A0500FB34B8 /* Build configuration list for PBXProject "Loggd" */ = {
			isa = XCConfigurationList;
			buildConfigurations = (
				ADB91EDD2C1A3A0600FB34B8 /* Debug */,
				ADB91EDE2C1A3A0600FB34B8 /* Release */,
			);
			defaultConfigurationIsVisible = 0;
			defaultConfigurationName = Release;
		};
		ADB91EDF2C1A3A0600FB34B8 /* Build configuration list for PBXNativeTarget "Loggd Extension" */ = {
			isa = XCConfigurationList;
			buildConfigurations = (
				ADB91EE02C1A3A0600FB34B8 /* Debug */,
				ADB91EE12C1A3A0600FB34B8 /* Release */,
			);
			defaultConfigurationIsVisible = 0;
			defaultConfigurationName = Release;
		};
		ADB91EE32C1A3A0600FB34B8 /* Build configuration list for PBXNativeTarget "Loggd" */ = {
			isa = XCConfigurationList;
			buildConfigurations = (
				ADB91EE42C1A3A0600FB34B8 /* Debug */,
				ADB91EE52C1A3A0600FB34B8 /* Release */,
			);
			defaultConfigurationIsVisible = 0;
			defaultConfigurationName = Release;
		};
/* End XCConfigurationList section */
	};
	rootObject = ADB91E9E2C1A3A0500FB34B8 /* Project object */;
}
